
Microsoft Visual Studio Solution File, Format Version 12.00
# Visual Studio Version 16
Project("{2150E333-8FDC-42A3-9474-1A3956D46DE8}") = "CMakePredefinedTargets", "CMakePredefinedTargets", "{7FB5F912-6366-39B9-AA4E-69FFAF6E1DBB}"
EndProject
Project("{2150E333-8FDC-42A3-9474-1A3956D46DE8}") = "GLFW3", "GLFW3", "{ECB7DBE7-497A-3877-9415-51BBCDBE6107}"
EndProject
Project("{2150E333-8FDC-42A3-9474-1A3956D46DE8}") = "Examples", "GLFW3\Examples", "{88D1DE35-D633-3088-A45D-70CF6A91679E}"
EndProject
Project("{2150E333-8FDC-42A3-9474-1A3956D46DE8}") = "Tests", "GLFW3\Tests", "{3B99C9E7-4A0A-37A9-A139-A1CD9656D37E}"
EndProject
Project("{8BC9CEB8-8B4A-11D0-8D11-00A0C91BC942}") = "ALL_BUILD", "ALL_BUILD.vcxproj", "{3EB7C204-B954-3320-BEFC-9525C5E5CC06}"
	ProjectSection(ProjectDependencies) = postProject
		{1BD4C247-061F-3940-B256-E3B8B2802331} = {1BD4C247-061F-3940-B256-E3B8B2802331}
		{D54F3FF5-9369-392B-AE37-3C320B85CF7E} = {D54F3FF5-9369-392B-AE37-3C320B85CF7E}
		{0E35A4F5-E94D-367D-8487-29B320EE5D7A} = {0E35A4F5-E94D-367D-8487-29B320EE5D7A}
		{2B0A3DF9-0093-393F-818C-2370F732DD7E} = {2B0A3DF9-0093-393F-818C-2370F732DD7E}
		{4F1D6E84-9333-35ED-94D7-C4053F0D5746} = {4F1D6E84-9333-35ED-94D7-C4053F0D5746}
		{B40F82EF-4309-394C-AEE0-658E5CDA24BB} = {B40F82EF-4309-394C-AEE0-658E5CDA24BB}
		{3059BFBF-7884-3632-89E6-D673717B652D} = {3059BFBF-7884-3632-89E6-D673717B652D}
		{6ED84F23-72BE-3B3E-AE4A-17C9E1961C4C} = {6ED84F23-72BE-3B3E-AE4A-17C9E1961C4C}
		{E22E34DE-4830-30C3-9D6A-A35B99226FBE} = {E22E34DE-4830-30C3-9D6A-A35B99226FBE}
		{44842BFC-FCC9-3F8A-8930-1CCE77E5968E} = {44842BFC-FCC9-3F8A-8930-1CCE77E5968E}
		{1773B145-888B-3A08-96C1-BF4ECD5C1F7B} = {1773B145-888B-3A08-96C1-BF4ECD5C1F7B}
		{235ABED5-5E8B-3D46-896C-D0AA8D16AC79} = {235ABED5-5E8B-3D46-896C-D0AA8D16AC79}
		{E6CECB49-87EB-3B59-957F-FFADB2597E03} = {E6CECB49-87EB-3B59-957F-FFADB2597E03}
		{2E11FEEF-0ED5-35CF-95CE-D4CC279B3E22} = {2E11FEEF-0ED5-35CF-95CE-D4CC279B3E22}
		{D6A41D78-8629-3ABE-B2BF-2690291EB67F} = {D6A41D78-8629-3ABE-B2BF-2690291EB67F}
		{0A35468C-1EB8-3B1B-A392-95791E7B6234} = {0A35468C-1EB8-3B1B-A392-95791E7B6234}
		{0B2845F2-A960-3444-B91C-C669332B2586} = {0B2845F2-A960-3444-B91C-C669332B2586}
		{06CA943B-8C01-34A3-AF91-505AACF7DE85} = {06CA943B-8C01-34A3-AF91-505AACF7DE85}
		{3064545D-82DB-3AD9-B8D4-B747067F3777} = {3064545D-82DB-3AD9-B8D4-B747067F3777}
		{425DE785-C6CE-3A3D-AED2-A2FC26812CBD} = {425DE785-C6CE-3A3D-AED2-A2FC26812CBD}
		{124A8D4C-9A89-3032-9CE1-057C9068B460} = {124A8D4C-9A89-3032-9CE1-057C9068B460}
		{7652F8C6-0916-3DCA-A876-640A3779521C} = {7652F8C6-0916-3DCA-A876-640A3779521C}
		{6FE052B8-F5D6-392D-9F7D-9B26AB02C3BB} = {6FE052B8-F5D6-392D-9F7D-9B26AB02C3BB}
		{A8C64E2A-477A-3B40-B12A-8F2B41A0A380} = {A8C64E2A-477A-3B40-B12A-8F2B41A0A380}
		{9B6ADF38-B769-3E1D-A1E8-A644CC07E5B3} = {9B6ADF38-B769-3E1D-A1E8-A644CC07E5B3}
		{380107DA-D1D2-3BE2-ADCF-99B8DA1ABE7A} = {380107DA-D1D2-3BE2-ADCF-99B8DA1ABE7A}
		{311D5F5C-14DD-3424-A88D-50C47F7A5DDA} = {311D5F5C-14DD-3424-A88D-50C47F7A5DDA}
		{BC11278A-01A5-38E0-9425-C7786CC2D368} = {BC11278A-01A5-38E0-9425-C7786CC2D368}
		{9D4F7588-B9B7-3F76-A0D7-1F4BC8D50971} = {9D4F7588-B9B7-3F76-A0D7-1F4BC8D50971}
		{BD984885-9038-3D17-BD2B-CDCB1111C0A2} = {BD984885-9038-3D17-BD2B-CDCB1111C0A2}
		{0EE70A85-969E-3D92-863E-9C14857C5ACC} = {0EE70A85-969E-3D92-863E-9C14857C5ACC}
		{B736D5CF-8475-3BA8-BECD-3EC6293294DE} = {B736D5CF-8475-3BA8-BECD-3EC6293294DE}
	EndProjectSection
EndProject
Project("{8BC9CEB8-8B4A-11D0-8D11-00A0C91BC942}") = "INSTALL", "INSTALL.vcxproj", "{4C0A292F-986F-3A75-B112-D2E18558792B}"
	ProjectSection(ProjectDependencies) = postProject
		{3EB7C204-B954-3320-BEFC-9525C5E5CC06} = {3EB7C204-B954-3320-BEFC-9525C5E5CC06}
		{1BD4C247-061F-3940-B256-E3B8B2802331} = {1BD4C247-061F-3940-B256-E3B8B2802331}
	EndProjectSection
EndProject
Project("{8BC9CEB8-8B4A-11D0-8D11-00A0C91BC942}") = "ZERO_CHECK", "ZERO_CHECK.vcxproj", "{1BD4C247-061F-3940-B256-E3B8B2802331}"
	ProjectSection(ProjectDependencies) = postProject
	EndProjectSection
EndProject
Project("{8BC9CEB8-8B4A-11D0-8D11-00A0C91BC942}") = "boing", "Dependencies\GLFW\glfw\examples\boing.vcxproj", "{D54F3FF5-9369-392B-AE37-3C320B85CF7E}"
	ProjectSection(ProjectDependencies) = postProject
		{1BD4C247-061F-3940-B256-E3B8B2802331} = {1BD4C247-061F-3940-B256-E3B8B2802331}
		{44842BFC-FCC9-3F8A-8930-1CCE77E5968E} = {44842BFC-FCC9-3F8A-8930-1CCE77E5968E}
	EndProjectSection
EndProject
Project("{8BC9CEB8-8B4A-11D0-8D11-00A0C91BC942}") = "clipboard", "Dependencies\GLFW\glfw\tests\clipboard.vcxproj", "{0E35A4F5-E94D-367D-8487-29B320EE5D7A}"
	ProjectSection(ProjectDependencies) = postProject
		{1BD4C247-061F-3940-B256-E3B8B2802331} = {1BD4C247-061F-3940-B256-E3B8B2802331}
		{44842BFC-FCC9-3F8A-8930-1CCE77E5968E} = {44842BFC-FCC9-3F8A-8930-1CCE77E5968E}
	EndProjectSection
EndProject
Project("{8BC9CEB8-8B4A-11D0-8D11-00A0C91BC942}") = "cursor", "Dependencies\GLFW\glfw\tests\cursor.vcxproj", "{2B0A3DF9-0093-393F-818C-2370F732DD7E}"
	ProjectSection(ProjectDependencies) = postProject
		{1BD4C247-061F-3940-B256-E3B8B2802331} = {1BD4C247-061F-3940-B256-E3B8B2802331}
		{44842BFC-FCC9-3F8A-8930-1CCE77E5968E} = {44842BFC-FCC9-3F8A-8930-1CCE77E5968E}
	EndProjectSection
EndProject
Project("{8BC9CEB8-8B4A-11D0-8D11-00A0C91BC942}") = "empty", "Dependencies\GLFW\glfw\tests\empty.vcxproj", "{4F1D6E84-9333-35ED-94D7-C4053F0D5746}"
	ProjectSection(ProjectDependencies) = postProject
		{1BD4C247-061F-3940-B256-E3B8B2802331} = {1BD4C247-061F-3940-B256-E3B8B2802331}
		{44842BFC-FCC9-3F8A-8930-1CCE77E5968E} = {44842BFC-FCC9-3F8A-8930-1CCE77E5968E}
	EndProjectSection
EndProject
Project("{8BC9CEB8-8B4A-11D0-8D11-00A0C91BC942}") = "events", "Dependencies\GLFW\glfw\tests\events.vcxproj", "{B40F82EF-4309-394C-AEE0-658E5CDA24BB}"
	ProjectSection(ProjectDependencies) = postProject
		{1BD4C247-061F-3940-B256-E3B8B2802331} = {1BD4C247-061F-3940-B256-E3B8B2802331}
		{44842BFC-FCC9-3F8A-8930-1CCE77E5968E} = {44842BFC-FCC9-3F8A-8930-1CCE77E5968E}
	EndProjectSection
EndProject
Project("{8BC9CEB8-8B4A-11D0-8D11-00A0C91BC942}") = "fractal", "opengl-fractal\src\fractal.vcxproj", "{3059BFBF-7884-3632-89E6-D673717B652D}"
	ProjectSection(ProjectDependencies) = postProject
		{1BD4C247-061F-3940-B256-E3B8B2802331} = {1BD4C247-061F-3940-B256-E3B8B2802331}
		{44842BFC-FCC9-3F8A-8930-1CCE77E5968E} = {44842BFC-FCC9-3F8A-8930-1CCE77E5968E}
	EndProjectSection
EndProject
Project("{8BC9CEB8-8B4A-11D0-8D11-00A0C91BC942}") = "gamma", "Dependencies\GLFW\glfw\tests\gamma.vcxproj", "{6ED84F23-72BE-3B3E-AE4A-17C9E1961C4C}"
	ProjectSection(ProjectDependencies) = postProject
		{1BD4C247-061F-3940-B256-E3B8B2802331} = {1BD4C247-061F-3940-B256-E3B8B2802331}
		{44842BFC-FCC9-3F8A-8930-1CCE77E5968E} = {44842BFC-FCC9-3F8A-8930-1CCE77E5968E}
	EndProjectSection
EndProject
Project("{8BC9CEB8-8B4A-11D0-8D11-00A0C91BC942}") = "gears", "Dependencies\GLFW\glfw\examples\gears.vcxproj", "{E22E34DE-4830-30C3-9D6A-A35B99226FBE}"
	ProjectSection(ProjectDependencies) = postProject
		{1BD4C247-061F-3940-B256-E3B8B2802331} = {1BD4C247-061F-3940-B256-E3B8B2802331}
		{44842BFC-FCC9-3F8A-8930-1CCE77E5968E} = {44842BFC-FCC9-3F8A-8930-1CCE77E5968E}
	EndProjectSection
EndProject
Project("{8BC9CEB8-8B4A-11D0-8D11-00A0C91BC942}") = "glfw", "Dependencies\GLFW\glfw\src\glfw.vcxproj", "{44842BFC-FCC9-3F8A-8930-1CCE77E5968E}"
	ProjectSection(ProjectDependencies) = postProject
		{1BD4C247-061F-3940-B256-E3B8B2802331} = {1BD4C247-061F-3940-B256-E3B8B2802331}
	EndProjectSection
EndProject
Project("{8BC9CEB8-8B4A-11D0-8D11-00A0C91BC942}") = "glfwinfo", "Dependencies\GLFW\glfw\tests\glfwinfo.vcxproj", "{1773B145-888B-3A08-96C1-BF4ECD5C1F7B}"
	ProjectSection(ProjectDependencies) = postProject
		{1BD4C247-061F-3940-B256-E3B8B2802331} = {1BD4C247-061F-3940-B256-E3B8B2802331}
		{44842BFC-FCC9-3F8A-8930-1CCE77E5968E} = {44842BFC-FCC9-3F8A-8930-1CCE77E5968E}
	EndProjectSection
EndProject
Project("{8BC9CEB8-8B4A-11D0-8D11-00A0C91BC942}") = "heightmap", "Dependencies\GLFW\glfw\examples\heightmap.vcxproj", "{235ABED5-5E8B-3D46-896C-D0AA8D16AC79}"
	ProjectSection(ProjectDependencies) = postProject
		{1BD4C247-061F-3940-B256-E3B8B2802331} = {1BD4C247-061F-3940-B256-E3B8B2802331}
		{44842BFC-FCC9-3F8A-8930-1CCE77E5968E} = {44842BFC-FCC9-3F8A-8930-1CCE77E5968E}
	EndProjectSection
EndProject
Project("{8BC9CEB8-8B4A-11D0-8D11-00A0C91BC942}") = "icon", "Dependencies\GLFW\glfw\tests\icon.vcxproj", "{E6CECB49-87EB-3B59-957F-FFADB2597E03}"
	ProjectSection(ProjectDependencies) = postProject
		{1BD4C247-061F-3940-B256-E3B8B2802331} = {1BD4C247-061F-3940-B256-E3B8B2802331}
		{44842BFC-FCC9-3F8A-8930-1CCE77E5968E} = {44842BFC-FCC9-3F8A-8930-1CCE77E5968E}
	EndProjectSection
EndProject
Project("{8BC9CEB8-8B4A-11D0-8D11-00A0C91BC942}") = "iconify", "Dependencies\GLFW\glfw\tests\iconify.vcxproj", "{2E11FEEF-0ED5-35CF-95CE-D4CC279B3E22}"
	ProjectSection(ProjectDependencies) = postProject
		{1BD4C247-061F-3940-B256-E3B8B2802331} = {1BD4C247-061F-3940-B256-E3B8B2802331}
		{44842BFC-FCC9-3F8A-8930-1CCE77E5968E} = {44842BFC-FCC9-3F8A-8930-1CCE77E5968E}
	EndProjectSection
EndProject
Project("{8BC9CEB8-8B4A-11D0-8D11-00A0C91BC942}") = "inputlag", "Dependencies\GLFW\glfw\tests\inputlag.vcxproj", "{D6A41D78-8629-3ABE-B2BF-2690291EB67F}"
	ProjectSection(ProjectDependencies) = postProject
		{1BD4C247-061F-3940-B256-E3B8B2802331} = {1BD4C247-061F-3940-B256-E3B8B2802331}
		{44842BFC-FCC9-3F8A-8930-1CCE77E5968E} = {44842BFC-FCC9-3F8A-8930-1CCE77E5968E}
	EndProjectSection
EndProject
Project("{8BC9CEB8-8B4A-11D0-8D11-00A0C91BC942}") = "joysticks", "Dependencies\GLFW\glfw\tests\joysticks.vcxproj", "{0A35468C-1EB8-3B1B-A392-95791E7B6234}"
	ProjectSection(ProjectDependencies) = postProject
		{1BD4C247-061F-3940-B256-E3B8B2802331} = {1BD4C247-061F-3940-B256-E3B8B2802331}
		{44842BFC-FCC9-3F8A-8930-1CCE77E5968E} = {44842BFC-FCC9-3F8A-8930-1CCE77E5968E}
	EndProjectSection
EndProject
Project("{8BC9CEB8-8B4A-11D0-8D11-00A0C91BC942}") = "monitors", "Dependencies\GLFW\glfw\tests\monitors.vcxproj", "{0B2845F2-A960-3444-B91C-C669332B2586}"
	ProjectSection(ProjectDependencies) = postProject
		{1BD4C247-061F-3940-B256-E3B8B2802331} = {1BD4C247-061F-3940-B256-E3B8B2802331}
		{44842BFC-FCC9-3F8A-8930-1CCE77E5968E} = {44842BFC-FCC9-3F8A-8930-1CCE77E5968E}
	EndProjectSection
EndProject
Project("{8BC9CEB8-8B4A-11D0-8D11-00A0C91BC942}") = "msaa", "Dependencies\GLFW\glfw\tests\msaa.vcxproj", "{06CA943B-8C01-34A3-AF91-505AACF7DE85}"
	ProjectSection(ProjectDependencies) = postProject
		{1BD4C247-061F-3940-B256-E3B8B2802331} = {1BD4C247-061F-3940-B256-E3B8B2802331}
		{44842BFC-FCC9-3F8A-8930-1CCE77E5968E} = {44842BFC-FCC9-3F8A-8930-1CCE77E5968E}
	EndProjectSection
EndProject
Project("{8BC9CEB8-8B4A-11D0-8D11-00A0C91BC942}") = "offscreen", "Dependencies\GLFW\glfw\examples\offscreen.vcxproj", "{3064545D-82DB-3AD9-B8D4-B747067F3777}"
	ProjectSection(ProjectDependencies) = postProject
		{1BD4C247-061F-3940-B256-E3B8B2802331} = {1BD4C247-061F-3940-B256-E3B8B2802331}
		{44842BFC-FCC9-3F8A-8930-1CCE77E5968E} = {44842BFC-FCC9-3F8A-8930-1CCE77E5968E}
	EndProjectSection
EndProject
Project("{8BC9CEB8-8B4A-11D0-8D11-00A0C91BC942}") = "opacity", "Dependencies\GLFW\glfw\tests\opacity.vcxproj", "{425DE785-C6CE-3A3D-AED2-A2FC26812CBD}"
	ProjectSection(ProjectDependencies) = postProject
		{1BD4C247-061F-3940-B256-E3B8B2802331} = {1BD4C247-061F-3940-B256-E3B8B2802331}
		{44842BFC-FCC9-3F8A-8930-1CCE77E5968E} = {44842BFC-FCC9-3F8A-8930-1CCE77E5968E}
	EndProjectSection
EndProject
Project("{8BC9CEB8-8B4A-11D0-8D11-00A0C91BC942}") = "particles", "Dependencies\GLFW\glfw\examples\particles.vcxproj", "{124A8D4C-9A89-3032-9CE1-057C9068B460}"
	ProjectSection(ProjectDependencies) = postProject
		{1BD4C247-061F-3940-B256-E3B8B2802331} = {1BD4C247-061F-3940-B256-E3B8B2802331}
		{44842BFC-FCC9-3F8A-8930-1CCE77E5968E} = {44842BFC-FCC9-3F8A-8930-1CCE77E5968E}
	EndProjectSection
EndProject
Project("{8BC9CEB8-8B4A-11D0-8D11-00A0C91BC942}") = "reopen", "Dependencies\GLFW\glfw\tests\reopen.vcxproj", "{7652F8C6-0916-3DCA-A876-640A3779521C}"
	ProjectSection(ProjectDependencies) = postProject
		{1BD4C247-061F-3940-B256-E3B8B2802331} = {1BD4C247-061F-3940-B256-E3B8B2802331}
		{44842BFC-FCC9-3F8A-8930-1CCE77E5968E} = {44842BFC-FCC9-3F8A-8930-1CCE77E5968E}
	EndProjectSection
EndProject
Project("{8BC9CEB8-8B4A-11D0-8D11-00A0C91BC942}") = "sharing", "Dependencies\GLFW\glfw\examples\sharing.vcxproj", "{6FE052B8-F5D6-392D-9F7D-9B26AB02C3BB}"
	ProjectSection(ProjectDependencies) = postProject
		{1BD4C247-061F-3940-B256-E3B8B2802331} = {1BD4C247-061F-3940-B256-E3B8B2802331}
		{44842BFC-FCC9-3F8A-8930-1CCE77E5968E} = {44842BFC-FCC9-3F8A-8930-1CCE77E5968E}
	EndProjectSection
EndProject
Project("{8BC9CEB8-8B4A-11D0-8D11-00A0C91BC942}") = "simple", "Dependencies\GLFW\glfw\examples\simple.vcxproj", "{A8C64E2A-477A-3B40-B12A-8F2B41A0A380}"
	ProjectSection(ProjectDependencies) = postProject
		{1BD4C247-061F-3940-B256-E3B8B2802331} = {1BD4C247-061F-3940-B256-E3B8B2802331}
		{44842BFC-FCC9-3F8A-8930-1CCE77E5968E} = {44842BFC-FCC9-3F8A-8930-1CCE77E5968E}
	EndProjectSection
EndProject
Project("{8BC9CEB8-8B4A-11D0-8D11-00A0C91BC942}") = "splitview", "Dependencies\GLFW\glfw\examples\splitview.vcxproj", "{9B6ADF38-B769-3E1D-A1E8-A644CC07E5B3}"
	ProjectSection(ProjectDependencies) = postProject
		{1BD4C247-061F-3940-B256-E3B8B2802331} = {1BD4C247-061F-3940-B256-E3B8B2802331}
		{44842BFC-FCC9-3F8A-8930-1CCE77E5968E} = {44842BFC-FCC9-3F8A-8930-1CCE77E5968E}
	EndProjectSection
EndProject
Project("{8BC9CEB8-8B4A-11D0-8D11-00A0C91BC942}") = "tearing", "Dependencies\GLFW\glfw\tests\tearing.vcxproj", "{380107DA-D1D2-3BE2-ADCF-99B8DA1ABE7A}"
	ProjectSection(ProjectDependencies) = postProject
		{1BD4C247-061F-3940-B256-E3B8B2802331} = {1BD4C247-061F-3940-B256-E3B8B2802331}
		{44842BFC-FCC9-3F8A-8930-1CCE77E5968E} = {44842BFC-FCC9-3F8A-8930-1CCE77E5968E}
	EndProjectSection
EndProject
Project("{8BC9CEB8-8B4A-11D0-8D11-00A0C91BC942}") = "threads", "Dependencies\GLFW\glfw\tests\threads.vcxproj", "{311D5F5C-14DD-3424-A88D-50C47F7A5DDA}"
	ProjectSection(ProjectDependencies) = postProject
		{1BD4C247-061F-3940-B256-E3B8B2802331} = {1BD4C247-061F-3940-B256-E3B8B2802331}
		{44842BFC-FCC9-3F8A-8930-1CCE77E5968E} = {44842BFC-FCC9-3F8A-8930-1CCE77E5968E}
	EndProjectSection
EndProject
Project("{8BC9CEB8-8B4A-11D0-8D11-00A0C91BC942}") = "timeout", "Dependencies\GLFW\glfw\tests\timeout.vcxproj", "{BC11278A-01A5-38E0-9425-C7786CC2D368}"
	ProjectSection(ProjectDependencies) = postProject
		{1BD4C247-061F-3940-B256-E3B8B2802331} = {1BD4C247-061F-3940-B256-E3B8B2802331}
		{44842BFC-FCC9-3F8A-8930-1CCE77E5968E} = {44842BFC-FCC9-3F8A-8930-1CCE77E5968E}
	EndProjectSection
EndProject
Project("{8BC9CEB8-8B4A-11D0-8D11-00A0C91BC942}") = "title", "Dependencies\GLFW\glfw\tests\title.vcxproj", "{9D4F7588-B9B7-3F76-A0D7-1F4BC8D50971}"
	ProjectSection(ProjectDependencies) = postProject
		{1BD4C247-061F-3940-B256-E3B8B2802331} = {1BD4C247-061F-3940-B256-E3B8B2802331}
		{44842BFC-FCC9-3F8A-8930-1CCE77E5968E} = {44842BFC-FCC9-3F8A-8930-1CCE77E5968E}
	EndProjectSection
EndProject
Project("{8BC9CEB8-8B4A-11D0-8D11-00A0C91BC942}") = "triangle-vulkan", "Dependencies\GLFW\glfw\tests\triangle-vulkan.vcxproj", "{BD984885-9038-3D17-BD2B-CDCB1111C0A2}"
	ProjectSection(ProjectDependencies) = postProject
		{1BD4C247-061F-3940-B256-E3B8B2802331} = {1BD4C247-061F-3940-B256-E3B8B2802331}
		{44842BFC-FCC9-3F8A-8930-1CCE77E5968E} = {44842BFC-FCC9-3F8A-8930-1CCE77E5968E}
	EndProjectSection
EndProject
Project("{8BC9CEB8-8B4A-11D0-8D11-00A0C91BC942}") = "uninstall", "Dependencies\GLFW\glfw\uninstall.vcxproj", "{5F65BA10-EA7E-3F4B-A494-70BCE7A93408}"
	ProjectSection(ProjectDependencies) = postProject
		{1BD4C247-061F-3940-B256-E3B8B2802331} = {1BD4C247-061F-3940-B256-E3B8B2802331}
	EndProjectSection
EndProject
Project("{8BC9CEB8-8B4A-11D0-8D11-00A0C91BC942}") = "wave", "Dependencies\GLFW\glfw\examples\wave.vcxproj", "{0EE70A85-969E-3D92-863E-9C14857C5ACC}"
	ProjectSection(ProjectDependencies) = postProject
		{1BD4C247-061F-3940-B256-E3B8B2802331} = {1BD4C247-061F-3940-B256-E3B8B2802331}
		{44842BFC-FCC9-3F8A-8930-1CCE77E5968E} = {44842BFC-FCC9-3F8A-8930-1CCE77E5968E}
	EndProjectSection
EndProject
Project("{8BC9CEB8-8B4A-11D0-8D11-00A0C91BC942}") = "windows", "Dependencies\GLFW\glfw\tests\windows.vcxproj", "{B736D5CF-8475-3BA8-BECD-3EC6293294DE}"
	ProjectSection(ProjectDependencies) = postProject
		{1BD4C247-061F-3940-B256-E3B8B2802331} = {1BD4C247-061F-3940-B256-E3B8B2802331}
		{44842BFC-FCC9-3F8A-8930-1CCE77E5968E} = {44842BFC-FCC9-3F8A-8930-1CCE77E5968E}
	EndProjectSection
EndProject
Global
	GlobalSection(SolutionConfigurationPlatforms) = preSolution
		Debug|x64 = Debug|x64
		Release|x64 = Release|x64
		MinSizeRel|x64 = MinSizeRel|x64
		RelWithDebInfo|x64 = RelWithDebInfo|x64
	EndGlobalSection
	GlobalSection(ProjectConfigurationPlatforms) = postSolution
		{3EB7C204-B954-3320-BEFC-9525C5E5CC06}.Debug|x64.ActiveCfg = Debug|x64
		{3EB7C204-B954-3320-BEFC-9525C5E5CC06}.Debug|x64.Build.0 = Debug|x64
		{3EB7C204-B954-3320-BEFC-9525C5E5CC06}.Release|x64.ActiveCfg = Release|x64
		{3EB7C204-B954-3320-BEFC-9525C5E5CC06}.Release|x64.Build.0 = Release|x64
		{3EB7C204-B954-3320-BEFC-9525C5E5CC06}.MinSizeRel|x64.ActiveCfg = MinSizeRel|x64
		{3EB7C204-B954-3320-BEFC-9525C5E5CC06}.MinSizeRel|x64.Build.0 = MinSizeRel|x64
		{3EB7C204-B954-3320-BEFC-9525C5E5CC06}.RelWithDebInfo|x64.ActiveCfg = RelWithDebInfo|x64
		{3EB7C204-B954-3320-BEFC-9525C5E5CC06}.RelWithDebInfo|x64.Build.0 = RelWithDebInfo|x64
		{4C0A292F-986F-3A75-B112-D2E18558792B}.Debug|x64.ActiveCfg = Debug|x64
		{4C0A292F-986F-3A75-B112-D2E18558792B}.Release|x64.ActiveCfg = Release|x64
		{4C0A292F-986F-3A75-B112-D2E18558792B}.MinSizeRel|x64.ActiveCfg = MinSizeRel|x64
		{4C0A292F-986F-3A75-B112-D2E18558792B}.RelWithDebInfo|x64.ActiveCfg = RelWithDebInfo|x64
		{1BD4C247-061F-3940-B256-E3B8B2802331}.Debug|x64.ActiveCfg = Debug|x64
		{1BD4C247-061F-3940-B256-E3B8B2802331}.Debug|x64.Build.0 = Debug|x64
		{1BD4C247-061F-3940-B256-E3B8B2802331}.Release|x64.ActiveCfg = Release|x64
		{1BD4C247-061F-3940-B256-E3B8B2802331}.Release|x64.Build.0 = Release|x64
		{1BD4C247-061F-3940-B256-E3B8B2802331}.MinSizeRel|x64.ActiveCfg = MinSizeRel|x64
		{1BD4C247-061F-3940-B256-E3B8B2802331}.MinSizeRel|x64.Build.0 = MinSizeRel|x64
		{1BD4C247-061F-3940-B256-E3B8B2802331}.RelWithDebInfo|x64.ActiveCfg = RelWithDebInfo|x64
		{1BD4C247-061F-3940-B256-E3B8B2802331}.RelWithDebInfo|x64.Build.0 = RelWithDebInfo|x64
		{D54F3FF5-9369-392B-AE37-3C320B85CF7E}.Debug|x64.ActiveCfg = Debug|x64
		{D54F3FF5-9369-392B-AE37-3C320B85CF7E}.Debug|x64.Build.0 = Debug|x64
		{D54F3FF5-9369-392B-AE37-3C320B85CF7E}.Release|x64.ActiveCfg = Release|x64
		{D54F3FF5-9369-392B-AE37-3C320B85CF7E}.Release|x64.Build.0 = Release|x64
		{D54F3FF5-9369-392B-AE37-3C320B85CF7E}.MinSizeRel|x64.ActiveCfg = MinSizeRel|x64
		{D54F3FF5-9369-392B-AE37-3C320B85CF7E}.MinSizeRel|x64.Build.0 = MinSizeRel|x64
		{D54F3FF5-9369-392B-AE37-3C320B85CF7E}.RelWithDebInfo|x64.ActiveCfg = RelWithDebInfo|x64
		{D54F3FF5-9369-392B-AE37-3C320B85CF7E}.RelWithDebInfo|x64.Build.0 = RelWithDebInfo|x64
		{0E35A4F5-E94D-367D-8487-29B320EE5D7A}.Debug|x64.ActiveCfg = Debug|x64
		{0E35A4F5-E94D-367D-8487-29B320EE5D7A}.Debug|x64.Build.0 = Debug|x64
		{0E35A4F5-E94D-367D-8487-29B320EE5D7A}.Release|x64.ActiveCfg = Release|x64
		{0E35A4F5-E94D-367D-8487-29B320EE5D7A}.Release|x64.Build.0 = Release|x64
		{0E35A4F5-E94D-367D-8487-29B320EE5D7A}.MinSizeRel|x64.ActiveCfg = MinSizeRel|x64
		{0E35A4F5-E94D-367D-8487-29B320EE5D7A}.MinSizeRel|x64.Build.0 = MinSizeRel|x64
		{0E35A4F5-E94D-367D-8487-29B320EE5D7A}.RelWithDebInfo|x64.ActiveCfg = RelWithDebInfo|x64
		{0E35A4F5-E94D-367D-8487-29B320EE5D7A}.RelWithDebInfo|x64.Build.0 = RelWithDebInfo|x64
		{2B0A3DF9-0093-393F-818C-2370F732DD7E}.Debug|x64.ActiveCfg = Debug|x64
		{2B0A3DF9-0093-393F-818C-2370F732DD7E}.Debug|x64.Build.0 = Debug|x64
		{2B0A3DF9-0093-393F-818C-2370F732DD7E}.Release|x64.ActiveCfg = Release|x64
		{2B0A3DF9-0093-393F-818C-2370F732DD7E}.Release|x64.Build.0 = Release|x64
		{2B0A3DF9-0093-393F-818C-2370F732DD7E}.MinSizeRel|x64.ActiveCfg = MinSizeRel|x64
		{2B0A3DF9-0093-393F-818C-2370F732DD7E}.MinSizeRel|x64.Build.0 = MinSizeRel|x64
		{2B0A3DF9-0093-393F-818C-2370F732DD7E}.RelWithDebInfo|x64.ActiveCfg = RelWithDebInfo|x64
		{2B0A3DF9-0093-393F-818C-2370F732DD7E}.RelWithDebInfo|x64.Build.0 = RelWithDebInfo|x64
		{4F1D6E84-9333-35ED-94D7-C4053F0D5746}.Debug|x64.ActiveCfg = Debug|x64
		{4F1D6E84-9333-35ED-94D7-C4053F0D5746}.Debug|x64.Build.0 = Debug|x64
		{4F1D6E84-9333-35ED-94D7-C4053F0D5746}.Release|x64.ActiveCfg = Release|x64
		{4F1D6E84-9333-35ED-94D7-C4053F0D5746}.Release|x64.Build.0 = Release|x64
		{4F1D6E84-9333-35ED-94D7-C4053F0D5746}.MinSizeRel|x64.ActiveCfg = MinSizeRel|x64
		{4F1D6E84-9333-35ED-94D7-C4053F0D5746}.MinSizeRel|x64.Build.0 = MinSizeRel|x64
		{4F1D6E84-9333-35ED-94D7-C4053F0D5746}.RelWithDebInfo|x64.ActiveCfg = RelWithDebInfo|x64
		{4F1D6E84-9333-35ED-94D7-C4053F0D5746}.RelWithDebInfo|x64.Build.0 = RelWithDebInfo|x64
		{B40F82EF-4309-394C-AEE0-658E5CDA24BB}.Debug|x64.ActiveCfg = Debug|x64
		{B40F82EF-4309-394C-AEE0-658E5CDA24BB}.Debug|x64.Build.0 = Debug|x64
		{B40F82EF-4309-394C-AEE0-658E5CDA24BB}.Release|x64.ActiveCfg = Release|x64
		{B40F82EF-4309-394C-AEE0-658E5CDA24BB}.Release|x64.Build.0 = Release|x64
		{B40F82EF-4309-394C-AEE0-658E5CDA24BB}.MinSizeRel|x64.ActiveCfg = MinSizeRel|x64
		{B40F82EF-4309-394C-AEE0-658E5CDA24BB}.MinSizeRel|x64.Build.0 = MinSizeRel|x64
		{B40F82EF-4309-394C-AEE0-658E5CDA24BB}.RelWithDebInfo|x64.ActiveCfg = RelWithDebInfo|x64
		{B40F82EF-4309-394C-AEE0-658E5CDA24BB}.RelWithDebInfo|x64.Build.0 = RelWithDebInfo|x64
		{3059BFBF-7884-3632-89E6-D673717B652D}.Debug|x64.ActiveCfg = Debug|x64
		{3059BFBF-7884-3632-89E6-D673717B652D}.Debug|x64.Build.0 = Debug|x64
		{3059BFBF-7884-3632-89E6-D673717B652D}.Release|x64.ActiveCfg = Release|x64
		{3059BFBF-7884-3632-89E6-D673717B652D}.Release|x64.Build.0 = Release|x64
		{3059BFBF-7884-3632-89E6-D673717B652D}.MinSizeRel|x64.ActiveCfg = MinSizeRel|x64
		{3059BFBF-7884-3632-89E6-D673717B652D}.MinSizeRel|x64.Build.0 = MinSizeRel|x64
		{3059BFBF-7884-3632-89E6-D673717B652D}.RelWithDebInfo|x64.ActiveCfg = RelWithDebInfo|x64
		{3059BFBF-7884-3632-89E6-D673717B652D}.RelWithDebInfo|x64.Build.0 = RelWithDebInfo|x64
		{6ED84F23-72BE-3B3E-AE4A-17C9E1961C4C}.Debug|x64.ActiveCfg = Debug|x64
		{6ED84F23-72BE-3B3E-AE4A-17C9E1961C4C}.Debug|x64.Build.0 = Debug|x64
		{6ED84F23-72BE-3B3E-AE4A-17C9E1961C4C}.Release|x64.ActiveCfg = Release|x64
		{6ED84F23-72BE-3B3E-AE4A-17C9E1961C4C}.Release|x64.Build.0 = Release|x64
		{6ED84F23-72BE-3B3E-AE4A-17C9E1961C4C}.MinSizeRel|x64.ActiveCfg = MinSizeRel|x64
		{6ED84F23-72BE-3B3E-AE4A-17C9E1961C4C}.MinSizeRel|x64.Build.0 = MinSizeRel|x64
		{6ED84F23-72BE-3B3E-AE4A-17C9E1961C4C}.RelWithDebInfo|x64.ActiveCfg = RelWithDebInfo|x64
		{6ED84F23-72BE-3B3E-AE4A-17C9E1961C4C}.RelWithDebInfo|x64.Build.0 = RelWithDebInfo|x64
		{E22E34DE-4830-30C3-9D6A-A35B99226FBE}.Debug|x64.ActiveCfg = Debug|x64
		{E22E34DE-4830-30C3-9D6A-A35B99226FBE}.Debug|x64.Build.0 = Debug|x64
		{E22E34DE-4830-30C3-9D6A-A35B99226FBE}.Release|x64.ActiveCfg = Release|x64
		{E22E34DE-4830-30C3-9D6A-A35B99226FBE}.Release|x64.Build.0 = Release|x64
		{E22E34DE-4830-30C3-9D6A-A35B99226FBE}.MinSizeRel|x64.ActiveCfg = MinSizeRel|x64
		{E22E34DE-4830-30C3-9D6A-A35B99226FBE}.MinSizeRel|x64.Build.0 = MinSizeRel|x64
		{E22E34DE-4830-30C3-9D6A-A35B99226FBE}.RelWithDebInfo|x64.ActiveCfg = RelWithDebInfo|x64
		{E22E34DE-4830-30C3-9D6A-A35B99226FBE}.RelWithDebInfo|x64.Build.0 = RelWithDebInfo|x64
		{44842BFC-FCC9-3F8A-8930-1CCE77E5968E}.Debug|x64.ActiveCfg = Debug|x64
		{44842BFC-FCC9-3F8A-8930-1CCE77E5968E}.Debug|x64.Build.0 = Debug|x64
		{44842BFC-FCC9-3F8A-8930-1CCE77E5968E}.Release|x64.ActiveCfg = Release|x64
		{44842BFC-FCC9-3F8A-8930-1CCE77E5968E}.Release|x64.Build.0 = Release|x64
		{44842BFC-FCC9-3F8A-8930-1CCE77E5968E}.MinSizeRel|x64.ActiveCfg = MinSizeRel|x64
		{44842BFC-FCC9-3F8A-8930-1CCE77E5968E}.MinSizeRel|x64.Build.0 = MinSizeRel|x64
		{44842BFC-FCC9-3F8A-8930-1CCE77E5968E}.RelWithDebInfo|x64.ActiveCfg = RelWithDebInfo|x64
		{44842BFC-FCC9-3F8A-8930-1CCE77E5968E}.RelWithDebInfo|x64.Build.0 = RelWithDebInfo|x64
		{1773B145-888B-3A08-96C1-BF4ECD5C1F7B}.Debug|x64.ActiveCfg = Debug|x64
		{1773B145-888B-3A08-96C1-BF4ECD5C1F7B}.Debug|x64.Build.0 = Debug|x64
		{1773B145-888B-3A08-96C1-BF4ECD5C1F7B}.Release|x64.ActiveCfg = Release|x64
		{1773B145-888B-3A08-96C1-BF4ECD5C1F7B}.Release|x64.Build.0 = Release|x64
		{1773B145-888B-3A08-96C1-BF4ECD5C1F7B}.MinSizeRel|x64.ActiveCfg = MinSizeRel|x64
		{1773B145-888B-3A08-96C1-BF4ECD5C1F7B}.MinSizeRel|x64.Build.0 = MinSizeRel|x64
		{1773B145-888B-3A08-96C1-BF4ECD5C1F7B}.RelWithDebInfo|x64.ActiveCfg = RelWithDebInfo|x64
		{1773B145-888B-3A08-96C1-BF4ECD5C1F7B}.RelWithDebInfo|x64.Build.0 = RelWithDebInfo|x64
		{235ABED5-5E8B-3D46-896C-D0AA8D16AC79}.Debug|x64.ActiveCfg = Debug|x64
		{235ABED5-5E8B-3D46-896C-D0AA8D16AC79}.Debug|x64.Build.0 = Debug|x64
		{235ABED5-5E8B-3D46-896C-D0AA8D16AC79}.Release|x64.ActiveCfg = Release|x64
		{235ABED5-5E8B-3D46-896C-D0AA8D16AC79}.Release|x64.Build.0 = Release|x64
		{235ABED5-5E8B-3D46-896C-D0AA8D16AC79}.MinSizeRel|x64.ActiveCfg = MinSizeRel|x64
		{235ABED5-5E8B-3D46-896C-D0AA8D16AC79}.MinSizeRel|x64.Build.0 = MinSizeRel|x64
		{235ABED5-5E8B-3D46-896C-D0AA8D16AC79}.RelWithDebInfo|x64.ActiveCfg = RelWithDebInfo|x64
		{235ABED5-5E8B-3D46-896C-D0AA8D16AC79}.RelWithDebInfo|x64.Build.0 = RelWithDebInfo|x64
		{E6CECB49-87EB-3B59-957F-FFADB2597E03}.Debug|x64.ActiveCfg = Debug|x64
		{E6CECB49-87EB-3B59-957F-FFADB2597E03}.Debug|x64.Build.0 = Debug|x64
		{E6CECB49-87EB-3B59-957F-FFADB2597E03}.Release|x64.ActiveCfg = Release|x64
		{E6CECB49-87EB-3B59-957F-FFADB2597E03}.Release|x64.Build.0 = Release|x64
		{E6CECB49-87EB-3B59-957F-FFADB2597E03}.MinSizeRel|x64.ActiveCfg = MinSizeRel|x64
		{E6CECB49-87EB-3B59-957F-FFADB2597E03}.MinSizeRel|x64.Build.0 = MinSizeRel|x64
		{E6CECB49-87EB-3B59-957F-FFADB2597E03}.RelWithDebInfo|x64.ActiveCfg = RelWithDebInfo|x64
		{E6CECB49-87EB-3B59-957F-FFADB2597E03}.RelWithDebInfo|x64.Build.0 = RelWithDebInfo|x64
		{2E11FEEF-0ED5-35CF-95CE-D4CC279B3E22}.Debug|x64.ActiveCfg = Debug|x64
		{2E11FEEF-0ED5-35CF-95CE-D4CC279B3E22}.Debug|x64.Build.0 = Debug|x64
		{2E11FEEF-0ED5-35CF-95CE-D4CC279B3E22}.Release|x64.ActiveCfg = Release|x64
		{2E11FEEF-0ED5-35CF-95CE-D4CC279B3E22}.Release|x64.Build.0 = Release|x64
		{2E11FEEF-0ED5-35CF-95CE-D4CC279B3E22}.MinSizeRel|x64.ActiveCfg = MinSizeRel|x64
		{2E11FEEF-0ED5-35CF-95CE-D4CC279B3E22}.MinSizeRel|x64.Build.0 = MinSizeRel|x64
		{2E11FEEF-0ED5-35CF-95CE-D4CC279B3E22}.RelWithDebInfo|x64.ActiveCfg = RelWithDebInfo|x64
		{2E11FEEF-0ED5-35CF-95CE-D4CC279B3E22}.RelWithDebInfo|x64.Build.0 = RelWithDebInfo|x64
		{D6A41D78-8629-3ABE-B2BF-2690291EB67F}.Debug|x64.ActiveCfg = Debug|x64
		{D6A41D78-8629-3ABE-B2BF-2690291EB67F}.Debug|x64.Build.0 = Debug|x64
		{D6A41D78-8629-3ABE-B2BF-2690291EB67F}.Release|x64.ActiveCfg = Release|x64
		{D6A41D78-8629-3ABE-B2BF-2690291EB67F}.Release|x64.Build.0 = Release|x64
		{D6A41D78-8629-3ABE-B2BF-2690291EB67F}.MinSizeRel|x64.ActiveCfg = MinSizeRel|x64
		{D6A41D78-8629-3ABE-B2BF-2690291EB67F}.MinSizeRel|x64.Build.0 = MinSizeRel|x64
		{D6A41D78-8629-3ABE-B2BF-2690291EB67F}.RelWithDebInfo|x64.ActiveCfg = RelWithDebInfo|x64
		{D6A41D78-8629-3ABE-B2BF-2690291EB67F}.RelWithDebInfo|x64.Build.0 = RelWithDebInfo|x64
		{0A35468C-1EB8-3B1B-A392-95791E7B6234}.Debug|x64.ActiveCfg = Debug|x64
		{0A35468C-1EB8-3B1B-A392-95791E7B6234}.Debug|x64.Build.0 = Debug|x64
		{0A35468C-1EB8-3B1B-A392-95791E7B6234}.Release|x64.ActiveCfg = Release|x64
		{0A35468C-1EB8-3B1B-A392-95791E7B6234}.Release|x64.Build.0 = Release|x64
		{0A35468C-1EB8-3B1B-A392-95791E7B6234}.MinSizeRel|x64.ActiveCfg = MinSizeRel|x64
		{0A35468C-1EB8-3B1B-A392-95791E7B6234}.MinSizeRel|x64.Build.0 = MinSizeRel|x64
		{0A35468C-1EB8-3B1B-A392-95791E7B6234}.RelWithDebInfo|x64.ActiveCfg = RelWithDebInfo|x64
		{0A35468C-1EB8-3B1B-A392-95791E7B6234}.RelWithDebInfo|x64.Build.0 = RelWithDebInfo|x64
		{0B2845F2-A960-3444-B91C-C669332B2586}.Debug|x64.ActiveCfg = Debug|x64
		{0B2845F2-A960-3444-B91C-C669332B2586}.Debug|x64.Build.0 = Debug|x64
		{0B2845F2-A960-3444-B91C-C669332B2586}.Release|x64.ActiveCfg = Release|x64
		{0B2845F2-A960-3444-B91C-C669332B2586}.Release|x64.Build.0 = Release|x64
		{0B2845F2-A960-3444-B91C-C669332B2586}.MinSizeRel|x64.ActiveCfg = MinSizeRel|x64
		{0B2845F2-A960-3444-B91C-C669332B2586}.MinSizeRel|x64.Build.0 = MinSizeRel|x64
		{0B2845F2-A960-3444-B91C-C669332B2586}.RelWithDebInfo|x64.ActiveCfg = RelWithDebInfo|x64
		{0B2845F2-A960-3444-B91C-C669332B2586}.RelWithDebInfo|x64.Build.0 = RelWithDebInfo|x64
		{06CA943B-8C01-34A3-AF91-505AACF7DE85}.Debug|x64.ActiveCfg = Debug|x64
		{06CA943B-8C01-34A3-AF91-505AACF7DE85}.Debug|x64.Build.0 = Debug|x64
		{06CA943B-8C01-34A3-AF91-505AACF7DE85}.Release|x64.ActiveCfg = Release|x64
		{06CA943B-8C01-34A3-AF91-505AACF7DE85}.Release|x64.Build.0 = Release|x64
		{06CA943B-8C01-34A3-AF91-505AACF7DE85}.MinSizeRel|x64.ActiveCfg = MinSizeRel|x64
		{06CA943B-8C01-34A3-AF91-505AACF7DE85}.MinSizeRel|x64.Build.0 = MinSizeRel|x64
		{06CA943B-8C01-34A3-AF91-505AACF7DE85}.RelWithDebInfo|x64.ActiveCfg = RelWithDebInfo|x64
		{06CA943B-8C01-34A3-AF91-505AACF7DE85}.RelWithDebInfo|x64.Build.0 = RelWithDebInfo|x64
		{3064545D-82DB-3AD9-B8D4-B747067F3777}.Debug|x64.ActiveCfg = Debug|x64
		{3064545D-82DB-3AD9-B8D4-B747067F3777}.Debug|x64.Build.0 = Debug|x64
		{3064545D-82DB-3AD9-B8D4-B747067F3777}.Release|x64.ActiveCfg = Release|x64
		{3064545D-82DB-3AD9-B8D4-B747067F3777}.Release|x64.Build.0 = Release|x64
		{3064545D-82DB-3AD9-B8D4-B747067F3777}.MinSizeRel|x64.ActiveCfg = MinSizeRel|x64
		{3064545D-82DB-3AD9-B8D4-B747067F3777}.MinSizeRel|x64.Build.0 = MinSizeRel|x64
		{3064545D-82DB-3AD9-B8D4-B747067F3777}.RelWithDebInfo|x64.ActiveCfg = RelWithDebInfo|x64
		{3064545D-82DB-3AD9-B8D4-B747067F3777}.RelWithDebInfo|x64.Build.0 = RelWithDebInfo|x64
		{425DE785-C6CE-3A3D-AED2-A2FC26812CBD}.Debug|x64.ActiveCfg = Debug|x64
		{425DE785-C6CE-3A3D-AED2-A2FC26812CBD}.Debug|x64.Build.0 = Debug|x64
		{425DE785-C6CE-3A3D-AED2-A2FC26812CBD}.Release|x64.ActiveCfg = Release|x64
		{425DE785-C6CE-3A3D-AED2-A2FC26812CBD}.Release|x64.Build.0 = Release|x64
		{425DE785-C6CE-3A3D-AED2-A2FC26812CBD}.MinSizeRel|x64.ActiveCfg = MinSizeRel|x64
		{425DE785-C6CE-3A3D-AED2-A2FC26812CBD}.MinSizeRel|x64.Build.0 = MinSizeRel|x64
		{425DE785-C6CE-3A3D-AED2-A2FC26812CBD}.RelWithDebInfo|x64.ActiveCfg = RelWithDebInfo|x64
		{425DE785-C6CE-3A3D-AED2-A2FC26812CBD}.RelWithDebInfo|x64.Build.0 = RelWithDebInfo|x64
		{124A8D4C-9A89-3032-9CE1-057C9068B460}.Debug|x64.ActiveCfg = Debug|x64
		{124A8D4C-9A89-3032-9CE1-057C9068B460}.Debug|x64.Build.0 = Debug|x64
		{124A8D4C-9A89-3032-9CE1-057C9068B460}.Release|x64.ActiveCfg = Release|x64
		{124A8D4C-9A89-3032-9CE1-057C9068B460}.Release|x64.Build.0 = Release|x64
		{124A8D4C-9A89-3032-9CE1-057C9068B460}.MinSizeRel|x64.ActiveCfg = MinSizeRel|x64
		{124A8D4C-9A89-3032-9CE1-057C9068B460}.MinSizeRel|x64.Build.0 = MinSizeRel|x64
		{124A8D4C-9A89-3032-9CE1-057C9068B460}.RelWithDebInfo|x64.ActiveCfg = RelWithDebInfo|x64
		{124A8D4C-9A89-3032-9CE1-057C9068B460}.RelWithDebInfo|x64.Build.0 = RelWithDebInfo|x64
		{7652F8C6-0916-3DCA-A876-640A3779521C}.Debug|x64.ActiveCfg = Debug|x64
		{7652F8C6-0916-3DCA-A876-640A3779521C}.Debug|x64.Build.0 = Debug|x64
		{7652F8C6-0916-3DCA-A876-640A3779521C}.Release|x64.ActiveCfg = Release|x64
		{7652F8C6-0916-3DCA-A876-640A3779521C}.Release|x64.Build.0 = Release|x64
		{7652F8C6-0916-3DCA-A876-640A3779521C}.MinSizeRel|x64.ActiveCfg = MinSizeRel|x64
		{7652F8C6-0916-3DCA-A876-640A3779521C}.MinSizeRel|x64.Build.0 = MinSizeRel|x64
		{7652F8C6-0916-3DCA-A876-640A3779521C}.RelWithDebInfo|x64.ActiveCfg = RelWithDebInfo|x64
		{7652F8C6-0916-3DCA-A876-640A3779521C}.RelWithDebInfo|x64.Build.0 = RelWithDebInfo|x64
		{6FE052B8-F5D6-392D-9F7D-9B26AB02C3BB}.Debug|x64.ActiveCfg = Debug|x64
		{6FE052B8-F5D6-392D-9F7D-9B26AB02C3BB}.Debug|x64.Build.0 = Debug|x64
		{6FE052B8-F5D6-392D-9F7D-9B26AB02C3BB}.Release|x64.ActiveCfg = Release|x64
		{6FE052B8-F5D6-392D-9F7D-9B26AB02C3BB}.Release|x64.Build.0 = Release|x64
		{6FE052B8-F5D6-392D-9F7D-9B26AB02C3BB}.MinSizeRel|x64.ActiveCfg = MinSizeRel|x64
		{6FE052B8-F5D6-392D-9F7D-9B26AB02C3BB}.MinSizeRel|x64.Build.0 = MinSizeRel|x64
		{6FE052B8-F5D6-392D-9F7D-9B26AB02C3BB}.RelWithDebInfo|x64.ActiveCfg = RelWithDebInfo|x64
		{6FE052B8-F5D6-392D-9F7D-9B26AB02C3BB}.RelWithDebInfo|x64.Build.0 = RelWithDebInfo|x64
		{A8C64E2A-477A-3B40-B12A-8F2B41A0A380}.Debug|x64.ActiveCfg = Debug|x64
		{A8C64E2A-477A-3B40-B12A-8F2B41A0A380}.Debug|x64.Build.0 = Debug|x64
		{A8C64E2A-477A-3B40-B12A-8F2B41A0A380}.Release|x64.ActiveCfg = Release|x64
		{A8C64E2A-477A-3B40-B12A-8F2B41A0A380}.Release|x64.Build.0 = Release|x64
		{A8C64E2A-477A-3B40-B12A-8F2B41A0A380}.MinSizeRel|x64.ActiveCfg = MinSizeRel|x64
		{A8C64E2A-477A-3B40-B12A-8F2B41A0A380}.MinSizeRel|x64.Build.0 = MinSizeRel|x64
		{A8C64E2A-477A-3B40-B12A-8F2B41A0A380}.RelWithDebInfo|x64.ActiveCfg = RelWithDebInfo|x64
		{A8C64E2A-477A-3B40-B12A-8F2B41A0A380}.RelWithDebInfo|x64.Build.0 = RelWithDebInfo|x64
		{9B6ADF38-B769-3E1D-A1E8-A644CC07E5B3}.Debug|x64.ActiveCfg = Debug|x64
		{9B6ADF38-B769-3E1D-A1E8-A644CC07E5B3}.Debug|x64.Build.0 = Debug|x64
		{9B6ADF38-B769-3E1D-A1E8-A644CC07E5B3}.Release|x64.ActiveCfg = Release|x64
		{9B6ADF38-B769-3E1D-A1E8-A644CC07E5B3}.Release|x64.Build.0 = Release|x64
		{9B6ADF38-B769-3E1D-A1E8-A644CC07E5B3}.MinSizeRel|x64.ActiveCfg = MinSizeRel|x64
		{9B6ADF38-B769-3E1D-A1E8-A644CC07E5B3}.MinSizeRel|x64.Build.0 = MinSizeRel|x64
		{9B6ADF38-B769-3E1D-A1E8-A644CC07E5B3}.RelWithDebInfo|x64.ActiveCfg = RelWithDebInfo|x64
		{9B6ADF38-B769-3E1D-A1E8-A644CC07E5B3}.RelWithDebInfo|x64.Build.0 = RelWithDebInfo|x64
		{380107DA-D1D2-3BE2-ADCF-99B8DA1ABE7A}.Debug|x64.ActiveCfg = Debug|x64
		{380107DA-D1D2-3BE2-ADCF-99B8DA1ABE7A}.Debug|x64.Build.0 = Debug|x64
		{380107DA-D1D2-3BE2-ADCF-99B8DA1ABE7A}.Release|x64.ActiveCfg = Release|x64
		{380107DA-D1D2-3BE2-ADCF-99B8DA1ABE7A}.Release|x64.Build.0 = Release|x64
		{380107DA-D1D2-3BE2-ADCF-99B8DA1ABE7A}.MinSizeRel|x64.ActiveCfg = MinSizeRel|x64
		{380107DA-D1D2-3BE2-ADCF-99B8DA1ABE7A}.MinSizeRel|x64.Build.0 = MinSizeRel|x64
		{380107DA-D1D2-3BE2-ADCF-99B8DA1ABE7A}.RelWithDebInfo|x64.ActiveCfg = RelWithDebInfo|x64
		{380107DA-D1D2-3BE2-ADCF-99B8DA1ABE7A}.RelWithDebInfo|x64.Build.0 = RelWithDebInfo|x64
		{311D5F5C-14DD-3424-A88D-50C47F7A5DDA}.Debug|x64.ActiveCfg = Debug|x64
		{311D5F5C-14DD-3424-A88D-50C47F7A5DDA}.Debug|x64.Build.0 = Debug|x64
		{311D5F5C-14DD-3424-A88D-50C47F7A5DDA}.Release|x64.ActiveCfg = Release|x64
		{311D5F5C-14DD-3424-A88D-50C47F7A5DDA}.Release|x64.Build.0 = Release|x64
		{311D5F5C-14DD-3424-A88D-50C47F7A5DDA}.MinSizeRel|x64.ActiveCfg = MinSizeRel|x64
		{311D5F5C-14DD-3424-A88D-50C47F7A5DDA}.MinSizeRel|x64.Build.0 = MinSizeRel|x64
		{311D5F5C-14DD-3424-A88D-50C47F7A5DDA}.RelWithDebInfo|x64.ActiveCfg = RelWithDebInfo|x64
		{311D5F5C-14DD-3424-A88D-50C47F7A5DDA}.RelWithDebInfo|x64.Build.0 = RelWithDebInfo|x64
		{BC11278A-01A5-38E0-9425-C7786CC2D368}.Debug|x64.ActiveCfg = Debug|x64
		{BC11278A-01A5-38E0-9425-C7786CC2D368}.Debug|x64.Build.0 = Debug|x64
		{BC11278A-01A5-38E0-9425-C7786CC2D368}.Release|x64.ActiveCfg = Release|x64
		{BC11278A-01A5-38E0-9425-C7786CC2D368}.Release|x64.Build.0 = Release|x64
		{BC11278A-01A5-38E0-9425-C7786CC2D368}.MinSizeRel|x64.ActiveCfg = MinSizeRel|x64
		{BC11278A-01A5-38E0-9425-C7786CC2D368}.MinSizeRel|x64.Build.0 = MinSizeRel|x64
		{BC11278A-01A5-38E0-9425-C7786CC2D368}.RelWithDebInfo|x64.ActiveCfg = RelWithDebInfo|x64
		{BC11278A-01A5-38E0-9425-C7786CC2D368}.RelWithDebInfo|x64.Build.0 = RelWithDebInfo|x64
		{9D4F7588-B9B7-3F76-A0D7-1F4BC8D50971}.Debug|x64.ActiveCfg = Debug|x64
		{9D4F7588-B9B7-3F76-A0D7-1F4BC8D50971}.Debug|x64.Build.0 = Debug|x64
		{9D4F7588-B9B7-3F76-A0D7-1F4BC8D50971}.Release|x64.ActiveCfg = Release|x64
		{9D4F7588-B9B7-3F76-A0D7-1F4BC8D50971}.Release|x64.Build.0 = Release|x64
		{9D4F7588-B9B7-3F76-A0D7-1F4BC8D50971}.MinSizeRel|x64.ActiveCfg = MinSizeRel|x64
		{9D4F7588-B9B7-3F76-A0D7-1F4BC8D50971}.MinSizeRel|x64.Build.0 = MinSizeRel|x64
		{9D4F7588-B9B7-3F76-A0D7-1F4BC8D50971}.RelWithDebInfo|x64.ActiveCfg = RelWithDebInfo|x64
		{9D4F7588-B9B7-3F76-A0D7-1F4BC8D50971}.RelWithDebInfo|x64.Build.0 = RelWithDebInfo|x64
		{BD984885-9038-3D17-BD2B-CDCB1111C0A2}.Debug|x64.ActiveCfg = Debug|x64
		{BD984885-9038-3D17-BD2B-CDCB1111C0A2}.Debug|x64.Build.0 = Debug|x64
		{BD984885-9038-3D17-BD2B-CDCB1111C0A2}.Release|x64.ActiveCfg = Release|x64
		{BD984885-9038-3D17-BD2B-CDCB1111C0A2}.Release|x64.Build.0 = Release|x64
		{BD984885-9038-3D17-BD2B-CDCB1111C0A2}.MinSizeRel|x64.ActiveCfg = MinSizeRel|x64
		{BD984885-9038-3D17-BD2B-CDCB1111C0A2}.MinSizeRel|x64.Build.0 = MinSizeRel|x64
		{BD984885-9038-3D17-BD2B-CDCB1111C0A2}.RelWithDebInfo|x64.ActiveCfg = RelWithDebInfo|x64
		{BD984885-9038-3D17-BD2B-CDCB1111C0A2}.RelWithDebInfo|x64.Build.0 = RelWithDebInfo|x64
		{5F65BA10-EA7E-3F4B-A494-70BCE7A93408}.Debug|x64.ActiveCfg = Debug|x64
		{5F65BA10-EA7E-3F4B-A494-70BCE7A93408}.Release|x64.ActiveCfg = Release|x64
		{5F65BA10-EA7E-3F4B-A494-70BCE7A93408}.MinSizeRel|x64.ActiveCfg = MinSizeRel|x64
		{5F65BA10-EA7E-3F4B-A494-70BCE7A93408}.RelWithDebInfo|x64.ActiveCfg = RelWithDebInfo|x64
		{0EE70A85-969E-3D92-863E-9C14857C5ACC}.Debug|x64.ActiveCfg = Debug|x64
		{0EE70A85-969E-3D92-863E-9C14857C5ACC}.Debug|x64.Build.0 = Debug|x64
		{0EE70A85-969E-3D92-863E-9C14857C5ACC}.Release|x64.ActiveCfg = Release|x64
		{0EE70A85-969E-3D92-863E-9C14857C5ACC}.Release|x64.Build.0 = Release|x64
		{0EE70A85-969E-3D92-863E-9C14857C5ACC}.MinSizeRel|x64.ActiveCfg = MinSizeRel|x64
		{0EE70A85-969E-3D92-863E-9C14857C5ACC}.MinSizeRel|x64.Build.0 = MinSizeRel|x64
		{0EE70A85-969E-3D92-863E-9C14857C5ACC}.RelWithDebInfo|x64.ActiveCfg = RelWithDebInfo|x64
		{0EE70A85-969E-3D92-863E-9C14857C5ACC}.RelWithDebInfo|x64.Build.0 = RelWithDebInfo|x64
		{B736D5CF-8475-3BA8-BECD-3EC6293294DE}.Debug|x64.ActiveCfg = Debug|x64
		{B736D5CF-8475-3BA8-BECD-3EC6293294DE}.Debug|x64.Build.0 = Debug|x64
		{B736D5CF-8475-3BA8-BECD-3EC6293294DE}.Release|x64.ActiveCfg = Release|x64
		{B736D5CF-8475-3BA8-BECD-3EC6293294DE}.Release|x64.Build.0 = Release|x64
		{B736D5CF-8475-3BA8-BECD-3EC6293294DE}.MinSizeRel|x64.ActiveCfg = MinSizeRel|x64
		{B736D5CF-8475-3BA8-BECD-3EC6293294DE}.MinSizeRel|x64.Build.0 = MinSizeRel|x64
		{B736D5CF-8475-3BA8-BECD-3EC6293294DE}.RelWithDebInfo|x64.ActiveCfg = RelWithDebInfo|x64
		{B736D5CF-8475-3BA8-BECD-3EC6293294DE}.RelWithDebInfo|x64.Build.0 = RelWithDebInfo|x64
	EndGlobalSection
	GlobalSection(NestedProjects) = preSolution
		{3EB7C204-B954-3320-BEFC-9525C5E5CC06} = {7FB5F912-6366-39B9-AA4E-69FFAF6E1DBB}
		{4C0A292F-986F-3A75-B112-D2E18558792B} = {7FB5F912-6366-39B9-AA4E-69FFAF6E1DBB}
		{1BD4C247-061F-3940-B256-E3B8B2802331} = {7FB5F912-6366-39B9-AA4E-69FFAF6E1DBB}
		{88D1DE35-D633-3088-A45D-70CF6A91679E} = {ECB7DBE7-497A-3877-9415-51BBCDBE6107}
		{3B99C9E7-4A0A-37A9-A139-A1CD9656D37E} = {ECB7DBE7-497A-3877-9415-51BBCDBE6107}
		{44842BFC-FCC9-3F8A-8930-1CCE77E5968E} = {ECB7DBE7-497A-3877-9415-51BBCDBE6107}
		{5F65BA10-EA7E-3F4B-A494-70BCE7A93408} = {ECB7DBE7-497A-3877-9415-51BBCDBE6107}
		{D54F3FF5-9369-392B-AE37-3C320B85CF7E} = {88D1DE35-D633-3088-A45D-70CF6A91679E}
		{E22E34DE-4830-30C3-9D6A-A35B99226FBE} = {88D1DE35-D633-3088-A45D-70CF6A91679E}
		{235ABED5-5E8B-3D46-896C-D0AA8D16AC79} = {88D1DE35-D633-3088-A45D-70CF6A91679E}
		{3064545D-82DB-3AD9-B8D4-B747067F3777} = {88D1DE35-D633-3088-A45D-70CF6A91679E}
		{124A8D4C-9A89-3032-9CE1-057C9068B460} = {88D1DE35-D633-3088-A45D-70CF6A91679E}
		{6FE052B8-F5D6-392D-9F7D-9B26AB02C3BB} = {88D1DE35-D633-3088-A45D-70CF6A91679E}
		{A8C64E2A-477A-3B40-B12A-8F2B41A0A380} = {88D1DE35-D633-3088-A45D-70CF6A91679E}
		{9B6ADF38-B769-3E1D-A1E8-A644CC07E5B3} = {88D1DE35-D633-3088-A45D-70CF6A91679E}
		{0EE70A85-969E-3D92-863E-9C14857C5ACC} = {88D1DE35-D633-3088-A45D-70CF6A91679E}
		{0E35A4F5-E94D-367D-8487-29B320EE5D7A} = {3B99C9E7-4A0A-37A9-A139-A1CD9656D37E}
		{2B0A3DF9-0093-393F-818C-2370F732DD7E} = {3B99C9E7-4A0A-37A9-A139-A1CD9656D37E}
		{4F1D6E84-9333-35ED-94D7-C4053F0D5746} = {3B99C9E7-4A0A-37A9-A139-A1CD9656D37E}
		{B40F82EF-4309-394C-AEE0-658E5CDA24BB} = {3B99C9E7-4A0A-37A9-A139-A1CD9656D37E}
		{6ED84F23-72BE-3B3E-AE4A-17C9E1961C4C} = {3B99C9E7-4A0A-37A9-A139-A1CD9656D37E}
		{1773B145-888B-3A08-96C1-BF4ECD5C1F7B} = {3B99C9E7-4A0A-37A9-A139-A1CD9656D37E}
		{E6CECB49-87EB-3B59-957F-FFADB2597E03} = {3B99C9E7-4A0A-37A9-A139-A1CD9656D37E}
		{2E11FEEF-0ED5-35CF-95CE-D4CC279B3E22} = {3B99C9E7-4A0A-37A9-A139-A1CD9656D37E}
		{D6A41D78-8629-3ABE-B2BF-2690291EB67F} = {3B99C9E7-4A0A-37A9-A139-A1CD9656D37E}
		{0A35468C-1EB8-3B1B-A392-95791E7B6234} = {3B99C9E7-4A0A-37A9-A139-A1CD9656D37E}
		{0B2845F2-A960-3444-B91C-C669332B2586} = {3B99C9E7-4A0A-37A9-A139-A1CD9656D37E}
		{06CA943B-8C01-34A3-AF91-505AACF7DE85} = {3B99C9E7-4A0A-37A9-A139-A1CD9656D37E}
		{425DE785-C6CE-3A3D-AED2-A2FC26812CBD} = {3B99C9E7-4A0A-37A9-A139-A1CD9656D37E}
		{7652F8C6-0916-3DCA-A876-640A3779521C} = {3B99C9E7-4A0A-37A9-A139-A1CD9656D37E}
		{380107DA-D1D2-3BE2-ADCF-99B8DA1ABE7A} = {3B99C9E7-4A0A-37A9-A139-A1CD9656D37E}
		{311D5F5C-14DD-3424-A88D-50C47F7A5DDA} = {3B99C9E7-4A0A-37A9-A139-A1CD9656D37E}
		{BC11278A-01A5-38E0-9425-C7786CC2D368} = {3B99C9E7-4A0A-37A9-A139-A1CD9656D37E}
		{9D4F7588-B9B7-3F76-A0D7-1F4BC8D50971} = {3B99C9E7-4A0A-37A9-A139-A1CD9656D37E}
		{BD984885-9038-3D17-BD2B-CDCB1111C0A2} = {3B99C9E7-4A0A-37A9-A139-A1CD9656D37E}
		{B736D5CF-8475-3BA8-BECD-3EC6293294DE} = {3B99C9E7-4A0A-37A9-A139-A1CD9656D37E}
	EndGlobalSection
	GlobalSection(ExtensibilityGlobals) = postSolution
		SolutionGuid = {428CB7B2-7129-3135-9510-53F80D33C49C}
	EndGlobalSection
	GlobalSection(ExtensibilityAddIns) = postSolution
	EndGlobalSection
EndGlobal
